lockfileVersion: '9.0'

settings:
  autoInstallPeers: true
  excludeLinksFromLockfile: false

importers:

  .:
    dependencies:
      nodemailer:
        specifier: 10.0.11
        version: 10.0.11

packages:

  nodemailer@10.0.11:
    resolution: {integrity: sha512-/c4P7U7aGpiNu2Rl08q525q2zECkUpSaf2zQPgIStCcAjHAkkQQKwD4sTyi3l91mGcLQrKzL1syXPHymo+Ogtw==}
    engines: {node: '>=20.0.0'}

snapshots:

  nodemailer@10.0.11: {}
